// !$*UTF8*$!
{
	archiveVersion = 1;
	classes = {
	};
	objectVersion = 46;
	objects = {

/* Begin PBXBuildFile section */
		655E9834205551DC00EBCF04 /* Python.framework in Frameworks */ = {isa = PBXBuildFile; fileRef = 6528AB3C204ADDC100699864 /* Python.framework */; };
		658277042044754400DA04B6 /* TSP.cpp in Sources */ = {isa = PBXBuildFile; fileRef = 658277022044754400DA04B6 /* TSP.cpp */; };
		65827706204475EB00DA04B6 /* main.cpp in Sources */ = {isa = PBXBuildFile; fileRef = 65827705204475EB00DA04B6 /* main.cpp */; };
		65D3CE46204C5AA1000D7CF5 /* ProblemReader.cpp in Sources */ = {isa = PBXBuildFile; fileRef = 65D3CE44204C5AA1000D7CF5 /* ProblemReader.cpp */; };
/* End PBXBuildFile section */

/* Begin PBXCopyFilesBuildPhase section */
		659B8B4C20436E23008A9DA9 /* CopyFiles */ = {
			isa = PBXCopyFilesBuildPhase;
			buildActionMask = 2147483647;
			dstPath = /usr/share/man/man1/;
			dstSubfolderSpec = 0;
			files = (
			);
			runOnlyForDeploymentPostprocessing = 1;
		};
/* End PBXCopyFilesBuildPhase section */

/* Begin PBXFileReference section */
		6516036F2051CBA500E25E2E /* a280.tsp */ = {isa = PBXFileReference; fileEncoding = 4; lastKnownFileType = text; path = a280.tsp; sourceTree = "<group>"; };
		651603702051D4A000E25E2E /* bays29.tsp */ = {isa = PBXFileReference; fileEncoding = 4; lastKnownFileType = text; path = bays29.tsp; sourceTree = "<group>"; };
		652425EA2054175C00874294 /* eil51.tsp */ = {isa = PBXFileReference; fileEncoding = 4; lastKnownFileType = text; path = eil51.tsp; sourceTree = "<group>"; };
		652425EB2054175C00874294 /* eil76.tsp */ = {isa = PBXFileReference; fileEncoding = 4; lastKnownFileType = text; path = eil76.tsp; sourceTree = "<group>"; };
		652425EC2054175C00874294 /* eil101.tsp */ = {isa = PBXFileReference; fileEncoding = 4; lastKnownFileType = text; path = eil101.tsp; sourceTree = "<group>"; };
		652425ED2054175C00874294 /* fl417.tsp */ = {isa = PBXFileReference; fileEncoding = 4; lastKnownFileType = text; path = fl417.tsp; sourceTree = "<group>"; };
		652425EE2054175C00874294 /* berlin52.tsp */ = {isa = PBXFileReference; fileEncoding = 4; lastKnownFileType = text; path = berlin52.tsp; sourceTree = "<group>"; };
		6528AB3C204ADDC100699864 /* Python.framework */ = {isa = PBXFileReference; lastKnownFileType = wrapper.framework; name = Python.framework; path = System/Library/Frameworks/Python.framework; sourceTree = SDKROOT; };
		655E9A5520555BA500EBCF04 /* results_a280.txt */ = {isa = PBXFileReference; fileEncoding = 4; lastKnownFileType = text; path = results_a280.txt; sourceTree = "<group>"; };
		655E9A5820556DE900EBCF04 /* results.txt */ = {isa = PBXFileReference; fileEncoding = 4; lastKnownFileType = text; path = results.txt; sourceTree = "<group>"; };
		658277022044754400DA04B6 /* TSP.cpp */ = {isa = PBXFileReference; fileEncoding = 4; lastKnownFileType = sourcecode.cpp.cpp; path = TSP.cpp; sourceTree = "<group>"; };
		658277032044754400DA04B6 /* TSP.hpp */ = {isa = PBXFileReference; fileEncoding = 4; lastKnownFileType = sourcecode.cpp.h; path = TSP.hpp; sourceTree = "<group>"; };
		65827705204475EB00DA04B6 /* main.cpp */ = {isa = PBXFileReference; fileEncoding = 4; lastKnownFileType = sourcecode.cpp.cpp; path = main.cpp; sourceTree = "<group>"; };
		659B8B4E20436E23008A9DA9 /* TSP_Genetic_Source_Code */ = {isa = PBXFileReference; explicitFileType = "compiled.mach-o.executable"; includeInIndex = 0; path = TSP_Genetic_Source_Code; sourceTree = BUILT_PRODUCTS_DIR; };
		65D3CE44204C5AA1000D7CF5 /* ProblemReader.cpp */ = {isa = PBXFileReference; fileEncoding = 4; lastKnownFileType = sourcecode.cpp.cpp; path = ProblemReader.cpp; sourceTree = "<group>"; };
		65D3CE45204C5AA1000D7CF5 /* ProblemReader.hpp */ = {isa = PBXFileReference; fileEncoding = 4; lastKnownFileType = sourcecode.cpp.h; path = ProblemReader.hpp; sourceTree = "<group>"; };
		65FE55A4205AFC980039EBAA /* OptimalToursforAllProblems */ = {isa = PBXFileReference; fileEncoding = 4; lastKnownFileType = text; path = OptimalToursforAllProblems; sourceTree = "<group>"; };
/* End PBXFileReference section */

/* Begin PBXFrameworksBuildPhase section */
		659B8B4B20436E23008A9DA9 /* Frameworks */ = {
			isa = PBXFrameworksBuildPhase;
			buildActionMask = 2147483647;
			files = (
				655E9834205551DC00EBCF04 /* Python.framework in Frameworks */,
			);
			runOnlyForDeploymentPostprocessing = 0;
		};
/* End PBXFrameworksBuildPhase section */

/* Begin PBXGroup section */
		655E9A5720556C0800EBCF04 /* TSPFiles */ = {
			isa = PBXGroup;
			children = (
				652425EA2054175C00874294 /* eil51.tsp */,
				652425EB2054175C00874294 /* eil76.tsp */,
				652425EC2054175C00874294 /* eil101.tsp */,
				652425ED2054175C00874294 /* fl417.tsp */,
				652425EE2054175C00874294 /* berlin52.tsp */,
				651603702051D4A000E25E2E /* bays29.tsp */,
				6516036F2051CBA500E25E2E /* a280.tsp */,
			);
			name = TSPFiles;
			sourceTree = "<group>";
		};
		659B8B4520436E23008A9DA9 = {
			isa = PBXGroup;
			children = (
				6528AB3C204ADDC100699864 /* Python.framework */,
				659B8B5020436E23008A9DA9 /* TSP_Genetic_Source_Code */,
				659B8B4F20436E23008A9DA9 /* Products */,
			);
			sourceTree = "<group>";
		};
		659B8B4F20436E23008A9DA9 /* Products */ = {
			isa = PBXGroup;
			children = (
				659B8B4E20436E23008A9DA9 /* TSP_Genetic_Source_Code */,
			);
			name = Products;
			sourceTree = "<group>";
		};
		659B8B5020436E23008A9DA9 /* TSP_Genetic_Source_Code */ = {
			isa = PBXGroup;
			children = (
				65FE55A4205AFC980039EBAA /* OptimalToursforAllProblems */,
				655E9A5820556DE900EBCF04 /* results.txt */,
				655E9A5520555BA500EBCF04 /* results_a280.txt */,
				655E9A5720556C0800EBCF04 /* TSPFiles */,
				658277022044754400DA04B6 /* TSP.cpp */,
				658277032044754400DA04B6 /* TSP.hpp */,
				65827705204475EB00DA04B6 /* main.cpp */,
				65D3CE44204C5AA1000D7CF5 /* ProblemReader.cpp */,
				65D3CE45204C5AA1000D7CF5 /* ProblemReader.hpp */,
			);
			path = TSP_Genetic_Source_Code;
			sourceTree = "<group>";
		};
/* End PBXGroup section */

/* Begin PBXNativeTarget section */
		659B8B4D20436E23008A9DA9 /* TSP_Genetic_Source_Code */ = {
			isa = PBXNativeTarget;
			buildConfigurationList = 659B8B5520436E23008A9DA9 /* Build configuration list for PBXNativeTarget "TSP_Genetic_Source_Code" */;
			buildPhases = (
				659B8B4A20436E23008A9DA9 /* Sources */,
				659B8B4B20436E23008A9DA9 /* Frameworks */,
				659B8B4C20436E23008A9DA9 /* CopyFiles */,
			);
			buildRules = (
			);
			dependencies = (
			);
			name = TSP_Genetic_Source_Code;
			productName = TSP_Genetic_Source_Code;
			productReference = 659B8B4E20436E23008A9DA9 /* TSP_Genetic_Source_Code */;
			productType = "com.apple.product-type.tool";
		};
/* End PBXNativeTarget section */

/* Begin PBXProject section */
		659B8B4620436E23008A9DA9 /* Project object */ = {
			isa = PBXProject;
			attributes = {
				LastUpgradeCheck = 0720;
				ORGANIZATIONNAME = "Alper Aytun";
				TargetAttributes = {
					659B8B4D20436E23008A9DA9 = {
						CreatedOnToolsVersion = 7.2.1;
					};
				};
			};
			buildConfigurationList = 659B8B4920436E23008A9DA9 /* Build configuration list for PBXProject "TSP_Genetic_Source_Code" */;
			compatibilityVersion = "Xcode 3.2";
			developmentRegion = English;
			hasScannedForEncodings = 0;
			knownRegions = (
				en,
			);
			mainGroup = 659B8B4520436E23008A9DA9;
			productRefGroup = 659B8B4F20436E23008A9DA9 /* Products */;
			projectDirPath = "";
			projectRoot = "";
			targets = (
				659B8B4D20436E23008A9DA9 /* TSP_Genetic_Source_Code */,
			);
		};
/* End PBXProject section */

/* Begin PBXSourcesBuildPhase section */
		659B8B4A20436E23008A9DA9 /* Sources */ = {
			isa = PBXSourcesBuildPhase;
			buildActionMask = 2147483647;
			files = (
				65827706204475EB00DA04B6 /* main.cpp in Sources */,
				65D3CE46204C5AA1000D7CF5 /* ProblemReader.cpp in Sources */,
				658277042044754400DA04B6 /* TSP.cpp in Sources */,
			);
			runOnlyForDeploymentPostprocessing = 0;
		};
/* End PBXSourcesBuildPhase section */

/* Begin XCBuildConfiguration section */
		659B8B5320436E23008A9DA9 /* Debug */ = {
			isa = XCBuildConfiguration;
			buildSettings = {
				ALWAYS_SEARCH_USER_PATHS = NO;
				CLANG_CXX_LANGUAGE_STANDARD = "gnu++0x";
				CLANG_CXX_LIBRARY = "libc++";
				CLANG_ENABLE_MODULES = YES;
				CLANG_ENABLE_OBJC_ARC = YES;
				CLANG_WARN_BOOL_CONVERSION = YES;
				CLANG_WARN_CONSTANT_CONVERSION = YES;
				CLANG_WARN_DIRECT_OBJC_ISA_USAGE = YES_ERROR;
				CLANG_WARN_EMPTY_BODY = YES;
				CLANG_WARN_ENUM_CONVERSION = YES;
				CLANG_WARN_INT_CONVERSION = YES;
				CLANG_WARN_OBJC_ROOT_CLASS = YES_ERROR;
				CLANG_WARN_UNREACHABLE_CODE = YES;
				CLANG_WARN__DUPLICATE_METHOD_MATCH = YES;
				CODE_SIGN_IDENTITY = "-";
				COPY_PHASE_STRIP = NO;
				DEBUG_INFORMATION_FORMAT = dwarf;
				ENABLE_STRICT_OBJC_MSGSEND = YES;
				ENABLE_TESTABILITY = YES;
				GCC_C_LANGUAGE_STANDARD = gnu99;
				GCC_DYNAMIC_NO_PIC = NO;
				GCC_NO_COMMON_BLOCKS = YES;
				GCC_OPTIMIZATION_LEVEL = 0;
				GCC_PREPROCESSOR_DEFINITIONS = (
					"DEBUG=1",
					"$(inherited)",
				);
				GCC_WARN_64_TO_32_BIT_CONVERSION = YES;
				GCC_WARN_ABOUT_RETURN_TYPE = YES_ERROR;
				GCC_WARN_UNDECLARED_SELECTOR = YES;
				GCC_WARN_UNINITIALIZED_AUTOS = YES_AGGRESSIVE;
				GCC_WARN_UNUSED_FUNCTION = YES;
				GCC_WARN_UNUSED_VARIABLE = YES;
				MACOSX_DEPLOYMENT_TARGET = 10.10;
				MTL_ENABLE_DEBUG_INFO = YES;
				ONLY_ACTIVE_ARCH = YES;
				SDKROOT = macosx;
			};
			name = Debug;
		};
		659B8B5420436E23008A9DA9 /* Release */ = {
			isa = XCBuildConfiguration;
			buildSettings = {
				ALWAYS_SEARCH_USER_PATHS = NO;
				CLANG_CXX_LANGUAGE_STANDARD = "gnu++0x";
				CLANG_CXX_LIBRARY = "libc++";
				CLANG_ENABLE_MODULES = YES;
				CLANG_ENABLE_OBJC_ARC = YES;
				CLANG_WARN_BOOL_CONVERSION = YES;
				CLANG_WARN_CONSTANT_CONVERSION = YES;
				CLANG_WARN_DIRECT_OBJC_ISA_USAGE = YES_ERROR;
				CLANG_WARN_EMPTY_BODY = YES;
				CLANG_WARN_ENUM_CONVERSION = YES;
				CLANG_WARN_INT_CONVERSION = YES;
				CLANG_WARN_OBJC_ROOT_CLASS = YES_ERROR;
				CLANG_WARN_UNREACHABLE_CODE = YES;
				CLANG_WARN__DUPLICATE_METHOD_MATCH = YES;
				CODE_SIGN_IDENTITY = "-";
				COPY_PHASE_STRIP = NO;
				DEBUG_INFORMATION_FORMAT = "dwarf-with-dsym";
				ENABLE_NS_ASSERTIONS = NO;
				ENABLE_STRICT_OBJC_MSGSEND = YES;
				GCC_C_LANGUAGE_STANDARD = gnu99;
				GCC_NO_COMMON_BLOCKS = YES;
				GCC_WARN_64_TO_32_BIT_CONVERSION = YES;
				GCC_WARN_ABOUT_RETURN_TYPE = YES_ERROR;
				GCC_WARN_UNDECLARED_SELECTOR = YES;
				GCC_WARN_UNINITIALIZED_AUTOS = YES_AGGRESSIVE;
				GCC_WARN_UNUSED_FUNCTION = YES;
				GCC_WARN_UNUSED_VARIABLE = YES;
				MACOSX_DEPLOYMENT_TARGET = 10.10;
				MTL_ENABLE_DEBUG_INFO = NO;
				SDKROOT = macosx;
			};
			name = Release;
		};
		659B8B5620436E23008A9DA9 /* Debug */ = {
			isa = XCBuildConfiguration;
			buildSettings = {
				"HEADER_SEARCH_PATHS[arch=*]" = /usr/local/include;
				LIBRARY_SEARCH_PATHS = (
					"$(inherited)",
					/usr/local/Cellar/boost/1.66.0/lib,
				);
				"LIBRARY_SEARCH_PATHS[arch=*]" = /usr/local/lib;
				"OTHER_LDFLAGS[arch=*]" = (
					"-lboost_system",
					"-lboost_filesystem",
				);
				PRODUCT_NAME = "$(TARGET_NAME)";
			};
			name = Debug;
		};
		659B8B5720436E23008A9DA9 /* Release */ = {
			isa = XCBuildConfiguration;
			buildSettings = {
				"HEADER_SEARCH_PATHS[arch=*]" = /usr/local/include;
				LIBRARY_SEARCH_PATHS = (
					"$(inherited)",
					/usr/local/Cellar/boost/1.66.0/lib,
				);
				"LIBRARY_SEARCH_PATHS[arch=*]" = /usr/local/lib;
				"OTHER_LDFLAGS[arch=*]" = (
					"-lboost_system",
					"-lboost_filesystem",
				);
				PRODUCT_NAME = "$(TARGET_NAME)";
			};
			name = Release;
		};
/* End XCBuildConfiguration section */

/* Begin XCConfigurationList section */
		659B8B4920436E23008A9DA9 /* Build configuration list for PBXProject "TSP_Genetic_Source_Code" */ = {
			isa = XCConfigurationList;
			buildConfigurations = (
				659B8B5320436E23008A9DA9 /* Debug */,
				659B8B5420436E23008A9DA9 /* Release */,
			);
			defaultConfigurationIsVisible = 0;
			defaultConfigurationName = Release;
		};
		659B8B5520436E23008A9DA9 /* Build configuration list for PBXNativeTarget "TSP_Genetic_Source_Code" */ = {
			isa = XCConfigurationList;
			buildConfigurations = (
				659B8B5620436E23008A9DA9 /* Debug */,
				659B8B5720436E23008A9DA9 /* Release */,
			);
			defaultConfigurationIsVisible = 0;
			defaultConfigurationName = Release;
		};
/* End XCConfigurationList section */
	};
	rootObject = 659B8B4620436E23008A9DA9 /* Project object */;
}
